<?xml version="1.0" encoding="utf-8"?>
<Project ToolsVersion="4.0" xmlns="http://schemas.microsoft.com/developer/msbuild/2003">
  <ItemGroup>
    <Filter Include="Source Files">
      <UniqueIdentifier>{4FC737F1-C7A5-4376-A066-2A32D752A2FF}</UniqueIdentifier>
      <Extensions>cpp;c;cc;cxx;def;odl;idl;hpj;bat;asm;asmx</Extensions>
    </Filter>
    <Filter Include="Header Files">
      <UniqueIdentifier>{93995380-89BD-4b04-88EB-625FBE52EBFB}</UniqueIdentifier>
      <Extensions>h;hh;hpp;hxx;hm;inl;inc;ipp;xsd</Extensions>
    </Filter>
    <Filter Include="Resource Files">
      <UniqueIdentifier>{67DA6AB6-F800-4c08-8B7A-83BB121AAD01}</UniqueIdentifier>
      <Extensions>rc;ico;cur;bmp;dlg;rc2;rct;bin;rgs;gif;jpg;jpeg;jpe;resx;tiff;tif;png;wav;mfcribbon-ms</Extensions>
    </Filter>
    <Filter Include="Source Files\backbone">
      <UniqueIdentifier>{7126888d-d306-49e8-93a1-c2a4da17e352}</UniqueIdentifier>
    </Filter>
    <Filter Include="Source Files\rend">
      <UniqueIdentifier>{383f5497-c411-4b8e-94c5-fb397798a134}</UniqueIdentifier>
    </Filter>
    <Filter Include="Source Files\lymath">
      <UniqueIdentifier>{898cb358-3f11-426f-b6fb-792289b445dc}</UniqueIdentifier>
    </Filter>
    <Filter Include="Source Files\game">
      <UniqueIdentifier>{aa49f870-6c41-4ce3-8099-9db219134363}</UniqueIdentifier>
    </Filter>
  </ItemGroup>
  <ItemGroup>
    <ClCompile Include="src\main.cpp">
      <Filter>Source Files</Filter>
    </ClCompile>
    <ClCompile Include="src\rend\shader.cpp">
      <Filter>Source Files\rend</Filter>
    </ClCompile>
    <ClCompile Include="src\backbone\display.cpp">
      <Filter>Source Files\backbone</Filter>
    </ClCompile>
    <ClCompile Include="src\rend\mesh.cpp">
      <Filter>Source Files\rend</Filter>
    </ClCompile>
    <ClCompile Include="src\rend\texture.cpp">
      <Filter>Source Files\rend</Filter>
    </ClCompile>
    <ClCompile Include="src\game\camera.cpp">
      <Filter>Source Files\game</Filter>
    </ClCompile>
    <ClCompile Include="src\rend\importcrk.cpp">
      <Filter>Source Files\rend</Filter>
    </ClCompile>
    <ClCompile Include="src\game\node.cpp">
      <Filter>Source Files\game</Filter>
    </ClCompile>
    <ClCompile Include="src\lymath\Gaoler.cpp">
      <Filter>Source Files\lymath</Filter>
    </ClCompile>
    <ClCompile Include="src\backbone\reyn.cpp">
      <Filter>Source Files\backbone</Filter>
    </ClCompile>
    <ClCompile Include="src\backbone\space.cpp">
      <Filter>Source Files\backbone</Filter>
    </ClCompile>
    <ClCompile Include="src\rend\Light.cpp">
      <Filter>Source Files\rend</Filter>
    </ClCompile>
    <ClCompile Include="src\rend\joj.cpp">
      <Filter>Source Files\rend</Filter>
    </ClCompile>
    <ClCompile Include="src\backbone\fbo.cpp">
      <Filter>Source Files\backbone</Filter>
    </ClCompile>
  </ItemGroup>
  <ItemGroup>
    <ClInclude Include="src\rend\shader.h">
      <Filter>Source Files\rend</Filter>
    </ClInclude>
    <ClInclude Include="src\backbone\display.h">
      <Filter>Source Files\backbone</Filter>
    </ClInclude>
    <ClInclude Include="src\rend\mesh.h">
      <Filter>Source Files\rend</Filter>
    </ClInclude>
    <ClInclude Include="src\rend\texture.h">
      <Filter>Source Files\rend</Filter>
    </ClInclude>
    <ClInclude Include="src\game\camera.h">
      <Filter>Source Files\game</Filter>
    </ClInclude>
    <ClInclude Include="src\rend\importcrk.h">
      <Filter>Source Files\rend</Filter>
    </ClInclude>
    <ClInclude Include="resource.h">
      <Filter>Header Files</Filter>
    </ClInclude>
    <ClInclude Include="src\game\node.h">
      <Filter>Source Files\game</Filter>
    </ClInclude>
    <ClInclude Include="src\lymath\Gaoler.h">
      <Filter>Source Files\lymath</Filter>
    </ClInclude>
    <ClInclude Include="src\backbone\reyn.h">
      <Filter>Source Files\backbone</Filter>
    </ClInclude>
    <ClInclude Include="src\backbone\space.h">
      <Filter>Source Files\backbone</Filter>
    </ClInclude>
    <ClInclude Include="src\game\spawnman.h">
      <Filter>Source Files\game</Filter>
    </ClInclude>
    <ClInclude Include="src\game\worldman.h">
      <Filter>Source Files\game</Filter>
    </ClInclude>
    <ClInclude Include="src\rend\Light.h">
      <Filter>Source Files\rend</Filter>
    </ClInclude>
    <ClInclude Include="src\rend\joj.h">
      <Filter>Source Files\rend</Filter>
    </ClInclude>
    <ClInclude Include="src\backbone\fbo.h">
      <Filter>Source Files\backbone</Filter>
    </ClInclude>
    <ClInclude Include="src\game\obstatic.h">
      <Filter>Source Files\game</Filter>
    </ClInclude>
    <ClInclude Include="src\game\obdynamic.h">
      <Filter>Source Files\game</Filter>
    </ClInclude>
  </ItemGroup>
  <ItemGroup>
    <ResourceCompile Include="dsm.rc">
      <Filter>Resource Files</Filter>
    </ResourceCompile>
  </ItemGroup>
  <ItemGroup>
    <Image Include="Release\data\crk.ico">
      <Filter>Resource Files</Filter>
    </Image>
  </ItemGroup>
</Project>