
Microsoft Visual Studio Solution File, Format Version 12.00
# Visual Studio Version 16
VisualStudioVersion = 16.0.29519.87
MinimumVisualStudioVersion = 10.0.40219.1
Project("{8BC9CEB8-8B4A-11D0-8D11-00A0C91BC942}") = "dsm", "dsm.vcxproj", "{7EE8E3FA-413E-43EF-B029-5DA87C79C94C}"
EndProject
Project("{8BC9CEB8-8B4A-11D0-8D11-00A0C91BC942}") = "crkhed", "src\crkhed\crkhed.vcxproj", "{222DCB8C-9A6F-41D6-943B-CBC696745043}"
EndProject
Global
	GlobalSection(SolutionConfigurationPlatforms) = preSolution
		Debug|x64 = Debug|x64
		Debug|x86 = Debug|x86
		Release|x64 = Release|x64
		Release|x86 = Release|x86
	EndGlobalSection
	GlobalSection(ProjectConfigurationPlatforms) = postSolution
		{7EE8E3FA-413E-43EF-B029-5DA87C79C94C}.Debug|x64.ActiveCfg = Debug|x64
		{7EE8E3FA-413E-43EF-B029-5DA87C79C94C}.Debug|x64.Build.0 = Debug|x64
		{7EE8E3FA-413E-43EF-B029-5DA87C79C94C}.Debug|x86.ActiveCfg = Debug|Win32
		{7EE8E3FA-413E-43EF-B029-5DA87C79C94C}.Debug|x86.Build.0 = Debug|Win32
		{7EE8E3FA-413E-43EF-B029-5DA87C79C94C}.Release|x64.ActiveCfg = Release|x64
		{7EE8E3FA-413E-43EF-B029-5DA87C79C94C}.Release|x64.Build.0 = Release|x64
		{7EE8E3FA-413E-43EF-B029-5DA87C79C94C}.Release|x86.ActiveCfg = Release|Win32
		{7EE8E3FA-413E-43EF-B029-5DA87C79C94C}.Release|x86.Build.0 = Release|Win32
		{222DCB8C-9A6F-41D6-943B-CBC696745043}.Debug|x64.ActiveCfg = Debug|x64
		{222DCB8C-9A6F-41D6-943B-CBC696745043}.Debug|x64.Build.0 = Debug|x64
		{222DCB8C-9A6F-41D6-943B-CBC696745043}.Debug|x86.ActiveCfg = Debug|Win32
		{222DCB8C-9A6F-41D6-943B-CBC696745043}.Debug|x86.Build.0 = Debug|Win32
		{222DCB8C-9A6F-41D6-943B-CBC696745043}.Release|x64.ActiveCfg = Release|x64
		{222DCB8C-9A6F-41D6-943B-CBC696745043}.Release|x64.Build.0 = Release|x64
		{222DCB8C-9A6F-41D6-943B-CBC696745043}.Release|x86.ActiveCfg = Release|Win32
		{222DCB8C-9A6F-41D6-943B-CBC696745043}.Release|x86.Build.0 = Release|Win32
	EndGlobalSection
	GlobalSection(SolutionProperties) = preSolution
		HideSolutionNode = FALSE
	EndGlobalSection
	GlobalSection(ExtensibilityGlobals) = postSolution
		SolutionGuid = {D72A2BCF-5781-4A6D-AE88-2F9F83B9BF4B}
	EndGlobalSection
EndGlobal
