
Microsoft Visual Studio Solution File, Format Version 12.00
# Visual Studio Version 16
VisualStudioVersion = 16.0.29519.87
MinimumVisualStudioVersion = 10.0.40219.1
Project("{8BC9CEB8-8B4A-11D0-8D11-00A0C91BC942}") = "Zajec", "src\Zajec\Zajec.vcxproj", "{CAE01DDA-FCC3-4DEF-8A61-FAA048BA1A89}"
EndProject
Project("{8BC9CEB8-8B4A-11D0-8D11-00A0C91BC942}") = "Chasm", "src\Chasm\Chasm.vcxproj", "{2861704A-DA1B-4260-844C-942EFB17A390}"
	ProjectSection(ProjectDependencies) = postProject
		{CAE01DDA-FCC3-4DEF-8A61-FAA048BA1A89} = {CAE01DDA-FCC3-4DEF-8A61-FAA048BA1A89}
	EndProjectSection
EndProject
Project("{8BC9CEB8-8B4A-11D0-8D11-00A0C91BC942}") = "BlackMagic", "src\BlackMagic\BlackMagic.vcxproj", "{F350D55F-09B6-407F-927C-4DFF9B1D40AC}"
	ProjectSection(ProjectDependencies) = postProject
		{CAE01DDA-FCC3-4DEF-8A61-FAA048BA1A89} = {CAE01DDA-FCC3-4DEF-8A61-FAA048BA1A89}
	EndProjectSection
EndProject
Project("{8BC9CEB8-8B4A-11D0-8D11-00A0C91BC942}") = "SIN", "src\SIN\SIN.vcxproj", "{06E732A9-A0D0-48C9-9EBF-09519C2013E6}"
	ProjectSection(ProjectDependencies) = postProject
		{CAE01DDA-FCC3-4DEF-8A61-FAA048BA1A89} = {CAE01DDA-FCC3-4DEF-8A61-FAA048BA1A89}
	EndProjectSection
EndProject
Project("{8BC9CEB8-8B4A-11D0-8D11-00A0C91BC942}") = "Gaoler", "src\Gaoler\Gaoler.vcxproj", "{330C9B1C-613A-48EF-9667-FA2E14479B86}"
	ProjectSection(ProjectDependencies) = postProject
		{CAE01DDA-FCC3-4DEF-8A61-FAA048BA1A89} = {CAE01DDA-FCC3-4DEF-8A61-FAA048BA1A89}
	EndProjectSection
EndProject
Project("{8BC9CEB8-8B4A-11D0-8D11-00A0C91BC942}") = "OrangeBox", "src\OrangeBox\OrangeBox.vcxproj", "{79096B4C-5B34-4E1E-8D51-91DA9FAE6063}"
	ProjectSection(ProjectDependencies) = postProject
		{330C9B1C-613A-48EF-9667-FA2E14479B86} = {330C9B1C-613A-48EF-9667-FA2E14479B86}
		{2861704A-DA1B-4260-844C-942EFB17A390} = {2861704A-DA1B-4260-844C-942EFB17A390}
		{705390A0-DF35-40D4-98AD-EB851E1BA315} = {705390A0-DF35-40D4-98AD-EB851E1BA315}
		{06E732A9-A0D0-48C9-9EBF-09519C2013E6} = {06E732A9-A0D0-48C9-9EBF-09519C2013E6}
		{CAE01DDA-FCC3-4DEF-8A61-FAA048BA1A89} = {CAE01DDA-FCC3-4DEF-8A61-FAA048BA1A89}
	EndProjectSection
EndProject
Project("{8BC9CEB8-8B4A-11D0-8D11-00A0C91BC942}") = "DarkAge", "src\DarkAge\DarkAge.vcxproj", "{705390A0-DF35-40D4-98AD-EB851E1BA315}"
	ProjectSection(ProjectDependencies) = postProject
		{330C9B1C-613A-48EF-9667-FA2E14479B86} = {330C9B1C-613A-48EF-9667-FA2E14479B86}
		{06E732A9-A0D0-48C9-9EBF-09519C2013E6} = {06E732A9-A0D0-48C9-9EBF-09519C2013E6}
		{CAE01DDA-FCC3-4DEF-8A61-FAA048BA1A89} = {CAE01DDA-FCC3-4DEF-8A61-FAA048BA1A89}
	EndProjectSection
EndProject
Global
	GlobalSection(SolutionConfigurationPlatforms) = preSolution
		Debug|x64 = Debug|x64
		Debug|x86 = Debug|x86
		Release|x64 = Release|x64
		Release|x86 = Release|x86
	EndGlobalSection
	GlobalSection(ProjectConfigurationPlatforms) = postSolution
		{CAE01DDA-FCC3-4DEF-8A61-FAA048BA1A89}.Debug|x64.ActiveCfg = Debug|x64
		{CAE01DDA-FCC3-4DEF-8A61-FAA048BA1A89}.Debug|x64.Build.0 = Debug|x64
		{CAE01DDA-FCC3-4DEF-8A61-FAA048BA1A89}.Debug|x86.ActiveCfg = Debug|Win32
		{CAE01DDA-FCC3-4DEF-8A61-FAA048BA1A89}.Debug|x86.Build.0 = Debug|Win32
		{CAE01DDA-FCC3-4DEF-8A61-FAA048BA1A89}.Release|x64.ActiveCfg = Release|x64
		{CAE01DDA-FCC3-4DEF-8A61-FAA048BA1A89}.Release|x64.Build.0 = Release|x64
		{CAE01DDA-FCC3-4DEF-8A61-FAA048BA1A89}.Release|x86.ActiveCfg = Release|Win32
		{CAE01DDA-FCC3-4DEF-8A61-FAA048BA1A89}.Release|x86.Build.0 = Release|Win32
		{2861704A-DA1B-4260-844C-942EFB17A390}.Debug|x64.ActiveCfg = Debug|x64
		{2861704A-DA1B-4260-844C-942EFB17A390}.Debug|x64.Build.0 = Debug|x64
		{2861704A-DA1B-4260-844C-942EFB17A390}.Debug|x86.ActiveCfg = Debug|Win32
		{2861704A-DA1B-4260-844C-942EFB17A390}.Debug|x86.Build.0 = Debug|Win32
		{2861704A-DA1B-4260-844C-942EFB17A390}.Release|x64.ActiveCfg = Release|x64
		{2861704A-DA1B-4260-844C-942EFB17A390}.Release|x64.Build.0 = Release|x64
		{2861704A-DA1B-4260-844C-942EFB17A390}.Release|x86.ActiveCfg = Release|Win32
		{2861704A-DA1B-4260-844C-942EFB17A390}.Release|x86.Build.0 = Release|Win32
		{F350D55F-09B6-407F-927C-4DFF9B1D40AC}.Debug|x64.ActiveCfg = Debug|x64
		{F350D55F-09B6-407F-927C-4DFF9B1D40AC}.Debug|x64.Build.0 = Debug|x64
		{F350D55F-09B6-407F-927C-4DFF9B1D40AC}.Debug|x86.ActiveCfg = Debug|Win32
		{F350D55F-09B6-407F-927C-4DFF9B1D40AC}.Debug|x86.Build.0 = Debug|Win32
		{F350D55F-09B6-407F-927C-4DFF9B1D40AC}.Release|x64.ActiveCfg = Release|x64
		{F350D55F-09B6-407F-927C-4DFF9B1D40AC}.Release|x64.Build.0 = Release|x64
		{F350D55F-09B6-407F-927C-4DFF9B1D40AC}.Release|x86.ActiveCfg = Release|Win32
		{F350D55F-09B6-407F-927C-4DFF9B1D40AC}.Release|x86.Build.0 = Release|Win32
		{06E732A9-A0D0-48C9-9EBF-09519C2013E6}.Debug|x64.ActiveCfg = Debug|x64
		{06E732A9-A0D0-48C9-9EBF-09519C2013E6}.Debug|x64.Build.0 = Debug|x64
		{06E732A9-A0D0-48C9-9EBF-09519C2013E6}.Debug|x86.ActiveCfg = Debug|Win32
		{06E732A9-A0D0-48C9-9EBF-09519C2013E6}.Debug|x86.Build.0 = Debug|Win32
		{06E732A9-A0D0-48C9-9EBF-09519C2013E6}.Release|x64.ActiveCfg = Release|x64
		{06E732A9-A0D0-48C9-9EBF-09519C2013E6}.Release|x64.Build.0 = Release|x64
		{06E732A9-A0D0-48C9-9EBF-09519C2013E6}.Release|x86.ActiveCfg = Release|Win32
		{06E732A9-A0D0-48C9-9EBF-09519C2013E6}.Release|x86.Build.0 = Release|Win32
		{330C9B1C-613A-48EF-9667-FA2E14479B86}.Debug|x64.ActiveCfg = Debug|x64
		{330C9B1C-613A-48EF-9667-FA2E14479B86}.Debug|x64.Build.0 = Debug|x64
		{330C9B1C-613A-48EF-9667-FA2E14479B86}.Debug|x86.ActiveCfg = Debug|Win32
		{330C9B1C-613A-48EF-9667-FA2E14479B86}.Debug|x86.Build.0 = Debug|Win32
		{330C9B1C-613A-48EF-9667-FA2E14479B86}.Release|x64.ActiveCfg = Release|x64
		{330C9B1C-613A-48EF-9667-FA2E14479B86}.Release|x64.Build.0 = Release|x64
		{330C9B1C-613A-48EF-9667-FA2E14479B86}.Release|x86.ActiveCfg = Release|Win32
		{330C9B1C-613A-48EF-9667-FA2E14479B86}.Release|x86.Build.0 = Release|Win32
		{79096B4C-5B34-4E1E-8D51-91DA9FAE6063}.Debug|x64.ActiveCfg = Debug|x64
		{79096B4C-5B34-4E1E-8D51-91DA9FAE6063}.Debug|x64.Build.0 = Debug|x64
		{79096B4C-5B34-4E1E-8D51-91DA9FAE6063}.Debug|x86.ActiveCfg = Debug|Win32
		{79096B4C-5B34-4E1E-8D51-91DA9FAE6063}.Debug|x86.Build.0 = Debug|Win32
		{79096B4C-5B34-4E1E-8D51-91DA9FAE6063}.Release|x64.ActiveCfg = Release|x64
		{79096B4C-5B34-4E1E-8D51-91DA9FAE6063}.Release|x64.Build.0 = Release|x64
		{79096B4C-5B34-4E1E-8D51-91DA9FAE6063}.Release|x86.ActiveCfg = Release|Win32
		{79096B4C-5B34-4E1E-8D51-91DA9FAE6063}.Release|x86.Build.0 = Release|Win32
		{705390A0-DF35-40D4-98AD-EB851E1BA315}.Debug|x64.ActiveCfg = Debug|x64
		{705390A0-DF35-40D4-98AD-EB851E1BA315}.Debug|x64.Build.0 = Debug|x64
		{705390A0-DF35-40D4-98AD-EB851E1BA315}.Debug|x86.ActiveCfg = Debug|Win32
		{705390A0-DF35-40D4-98AD-EB851E1BA315}.Debug|x86.Build.0 = Debug|Win32
		{705390A0-DF35-40D4-98AD-EB851E1BA315}.Release|x64.ActiveCfg = Release|x64
		{705390A0-DF35-40D4-98AD-EB851E1BA315}.Release|x64.Build.0 = Release|x64
		{705390A0-DF35-40D4-98AD-EB851E1BA315}.Release|x86.ActiveCfg = Release|Win32
		{705390A0-DF35-40D4-98AD-EB851E1BA315}.Release|x86.Build.0 = Release|Win32
	EndGlobalSection
	GlobalSection(SolutionProperties) = preSolution
		HideSolutionNode = FALSE
	EndGlobalSection
	GlobalSection(ExtensibilityGlobals) = postSolution
		SolutionGuid = {D72A2BCF-5781-4A6D-AE88-2F9F83B9BF4B}
	EndGlobalSection
EndGlobal
