<?xml version="1.0" encoding="utf-8"?>
<Project ToolsVersion="4.0" xmlns="http://schemas.microsoft.com/developer/msbuild/2003">
  <ItemGroup>
    <Filter Include="Source Files">
      <UniqueIdentifier>{4FC737F1-C7A5-4376-A066-2A32D752A2FF}</UniqueIdentifier>
      <Extensions>cpp;c;cc;cxx;def;odl;idl;hpj;bat;asm;asmx</Extensions>
    </Filter>
    <Filter Include="Header Files">
      <UniqueIdentifier>{93995380-89BD-4b04-88EB-625FBE52EBFB}</UniqueIdentifier>
      <Extensions>h;hh;hpp;hxx;hm;inl;inc;ipp;xsd</Extensions>
    </Filter>
    <Filter Include="Resource Files">
      <UniqueIdentifier>{67DA6AB6-F800-4c08-8B7A-83BB121AAD01}</UniqueIdentifier>
      <Extensions>rc;ico;cur;bmp;dlg;rc2;rct;bin;rgs;gif;jpg;jpeg;jpe;resx;tiff;tif;png;wav;mfcribbon-ms</Extensions>
    </Filter>
    <Filter Include="Header Files\types">
      <UniqueIdentifier>{f54c47a5-07d6-49fa-9887-22bf9b15228a}</UniqueIdentifier>
    </Filter>
    <Filter Include="Source Files\types">
      <UniqueIdentifier>{18fd3b46-5ec2-4bb3-87f2-5dfad0d44405}</UniqueIdentifier>
    </Filter>
  </ItemGroup>
  <ItemGroup>
    <ClInclude Include="ESPECTRO.h">
      <Filter>Header Files</Filter>
    </ClInclude>
    <ClInclude Include="types\SPCTR_BaseKLS.h">
      <Filter>Header Files\types</Filter>
    </ClInclude>
    <ClInclude Include="types\SPCTR_BaseHED.h">
      <Filter>Header Files\types</Filter>
    </ClInclude>
  </ItemGroup>
  <ItemGroup>
    <ClCompile Include="ESPECTRO.c">
      <Filter>Source Files</Filter>
    </ClCompile>
    <ClCompile Include="types\SPCTR_BaseHED.c">
      <Filter>Source Files\types</Filter>
    </ClCompile>
    <ClCompile Include="types\SPCTR_BaseKLS.c">
      <Filter>Source Files\types</Filter>
    </ClCompile>
  </ItemGroup>
</Project>