<?xml version="1.0" encoding="utf-8"?>
<Project ToolsVersion="4.0" xmlns="http://schemas.microsoft.com/developer/msbuild/2003">
  <ItemGroup>
    <Filter Include="Source Files">
      <UniqueIdentifier>{4FC737F1-C7A5-4376-A066-2A32D752A2FF}</UniqueIdentifier>
      <Extensions>cpp;c;cc;cxx;def;odl;idl;hpj;bat;asm;asmx</Extensions>
    </Filter>
    <Filter Include="Header Files">
      <UniqueIdentifier>{93995380-89BD-4b04-88EB-625FBE52EBFB}</UniqueIdentifier>
      <Extensions>h;hh;hpp;hxx;hm;inl;inc;ipp;xsd</Extensions>
    </Filter>
    <Filter Include="Resource Files">
      <UniqueIdentifier>{67DA6AB6-F800-4c08-8B7A-83BB121AAD01}</UniqueIdentifier>
      <Extensions>rc;ico;cur;bmp;dlg;rc2;rct;bin;rgs;gif;jpg;jpeg;jpe;resx;tiff;tif;png;wav;mfcribbon-ms</Extensions>
    </Filter>
    <Filter Include="Source Files\types">
      <UniqueIdentifier>{6421caf1-e04b-424d-9c19-4548d691a1ed}</UniqueIdentifier>
    </Filter>
    <Filter Include="Header Files\types">
      <UniqueIdentifier>{a7bc5b4a-7e78-4acb-bef8-7b510bb371bd}</UniqueIdentifier>
    </Filter>
    <Filter Include="Source Files\rend">
      <UniqueIdentifier>{3d3c8b11-f197-48a4-9477-11a56f520d59}</UniqueIdentifier>
    </Filter>
    <Filter Include="Header Files\rend">
      <UniqueIdentifier>{8469cad0-c216-4afb-b4c2-79189afd3438}</UniqueIdentifier>
    </Filter>
    <Filter Include="Header Files\shaders">
      <UniqueIdentifier>{f1bcf597-4ff8-48da-b57f-d9112b038462}</UniqueIdentifier>
    </Filter>
    <Filter Include="Source Files\shaders">
      <UniqueIdentifier>{5d8e16b3-22b6-427a-ae2d-e751a8ec77c7}</UniqueIdentifier>
    </Filter>
  </ItemGroup>
  <ItemGroup>
    <ClCompile Include="types\SIN_Mesh.c">
      <Filter>Source Files\types</Filter>
    </ClCompile>
    <ClCompile Include="types\SIN_Material.c">
      <Filter>Source Files\types</Filter>
    </ClCompile>
    <ClCompile Include="SIN.c">
      <Filter>Source Files</Filter>
    </ClCompile>
    <ClCompile Include="types\SIN_Shader.c">
      <Filter>Source Files\types</Filter>
    </ClCompile>
    <ClCompile Include="types\SIN_Shader_EX.cpp">
      <Filter>Source Files\types</Filter>
    </ClCompile>
    <ClCompile Include="types\SIN_MeshBatch.c">
      <Filter>Source Files\types</Filter>
    </ClCompile>
    <ClCompile Include="types\SIN_Texture.c">
      <Filter>Source Files\types</Filter>
    </ClCompile>
    <ClCompile Include="shaders\SIN_DefaultShader.c">
      <Filter>Source Files\shaders</Filter>
    </ClCompile>
  </ItemGroup>
  <ItemGroup>
    <ClInclude Include="SIN.h">
      <Filter>Header Files</Filter>
    </ClInclude>
    <ClInclude Include="types\SIN_Mesh.h">
      <Filter>Header Files\types</Filter>
    </ClInclude>
    <ClInclude Include="types\SIN_Material.h">
      <Filter>Header Files\types</Filter>
    </ClInclude>
    <ClInclude Include="types\SIN_Shader.h">
      <Filter>Header Files\types</Filter>
    </ClInclude>
    <ClInclude Include="types\SIN_Shader_EX.h">
      <Filter>Header Files\types</Filter>
    </ClInclude>
    <ClInclude Include="types\SIN_MeshBatch.h">
      <Filter>Header Files\types</Filter>
    </ClInclude>
    <ClInclude Include="shaders\SIN_DefaultShader.h">
      <Filter>Header Files\shaders</Filter>
    </ClInclude>
    <ClInclude Include="types\SIN_Texture.h">
      <Filter>Header Files\types</Filter>
    </ClInclude>
  </ItemGroup>
</Project>