<?xml version="1.0" encoding="utf-8"?>
<Project ToolsVersion="4.0" xmlns="http://schemas.microsoft.com/developer/msbuild/2003">
  <ItemGroup>
    <Filter Include="Source Files">
      <UniqueIdentifier>{4FC737F1-C7A5-4376-A066-2A32D752A2FF}</UniqueIdentifier>
      <Extensions>cpp;c;cc;cxx;def;odl;idl;hpj;bat;asm;asmx</Extensions>
    </Filter>
    <Filter Include="Header Files">
      <UniqueIdentifier>{93995380-89BD-4b04-88EB-625FBE52EBFB}</UniqueIdentifier>
      <Extensions>h;hh;hpp;hxx;hm;inl;inc;ipp;xsd</Extensions>
    </Filter>
    <Filter Include="Resource Files">
      <UniqueIdentifier>{67DA6AB6-F800-4c08-8B7A-83BB121AAD01}</UniqueIdentifier>
      <Extensions>rc;ico;cur;bmp;dlg;rc2;rct;bin;rgs;gif;jpg;jpeg;jpe;resx;tiff;tif;png;wav;mfcribbon-ms</Extensions>
    </Filter>
    <Filter Include="Source Files\lymath">
      <UniqueIdentifier>{744466a4-4890-42f4-8c97-3fa68b72e9d3}</UniqueIdentifier>
    </Filter>
    <Filter Include="Header Files\lymath">
      <UniqueIdentifier>{0ecffa8a-4f3b-40d3-a4d6-fd778a4fd9ca}</UniqueIdentifier>
    </Filter>
    <Filter Include="Source Files\lybyte">
      <UniqueIdentifier>{053ebe66-1370-4dfe-b5d7-05318a54679a}</UniqueIdentifier>
    </Filter>
    <Filter Include="Header Files\lybyte">
      <UniqueIdentifier>{cefbe692-d11d-4bc3-ba1e-d212e2b3c880}</UniqueIdentifier>
    </Filter>
    <Filter Include="Header Files\lyarr">
      <UniqueIdentifier>{3e95a81d-7962-4d73-a967-10e4c0a952cc}</UniqueIdentifier>
    </Filter>
    <Filter Include="Source Files\lyarr">
      <UniqueIdentifier>{9ab4849d-ee8c-4293-aed6-4c45b386bbef}</UniqueIdentifier>
    </Filter>
    <Filter Include="Source Files\spatial">
      <UniqueIdentifier>{478074e1-f792-465d-bc95-a9a8784b3617}</UniqueIdentifier>
    </Filter>
    <Filter Include="Header Files\spatial">
      <UniqueIdentifier>{d7b6352d-3135-4311-be54-06503f870119}</UniqueIdentifier>
    </Filter>
    <Filter Include="Header Files\lyutils">
      <UniqueIdentifier>{45e3afb9-62f9-4778-92f1-2151ec524427}</UniqueIdentifier>
    </Filter>
    <Filter Include="Source Files\lyutils">
      <UniqueIdentifier>{668e3d7b-b095-4cb9-831f-cae0e6a100de}</UniqueIdentifier>
    </Filter>
  </ItemGroup>
  <ItemGroup>
    <ClInclude Include="lymath\vops.h">
      <Filter>Header Files\lymath</Filter>
    </ClInclude>
    <ClInclude Include="Zajec.h">
      <Filter>Header Files</Filter>
    </ClInclude>
    <ClInclude Include="spatial\time.h">
      <Filter>Header Files\spatial</Filter>
    </ClInclude>
    <ClInclude Include="spatial\transform.h">
      <Filter>Header Files\spatial</Filter>
    </ClInclude>
    <ClInclude Include="lyarr\dynarray.h">
      <Filter>Header Files\lyarr</Filter>
    </ClInclude>
    <ClInclude Include="lymath\gops.h">
      <Filter>Header Files\lymath</Filter>
    </ClInclude>
    <ClInclude Include="ZJC_CommonTypes.h">
      <Filter>Header Files</Filter>
    </ClInclude>
    <ClInclude Include="lybyte\ZJC_FileHandling.h">
      <Filter>Header Files\lybyte</Filter>
    </ClInclude>
    <ClInclude Include="lyutils\ZJC_Evil.h">
      <Filter>Header Files\lyutils</Filter>
    </ClInclude>
    <ClInclude Include="lybyte\ZJC_BinTypes.h">
      <Filter>Header Files\lybyte</Filter>
    </ClInclude>
  </ItemGroup>
  <ItemGroup>
    <ClCompile Include="lymath\vops.cpp">
      <Filter>Source Files\lymath</Filter>
    </ClCompile>
    <ClCompile Include="spatial\time.cpp">
      <Filter>Source Files\spatial</Filter>
    </ClCompile>
    <ClCompile Include="spatial\transform.cpp">
      <Filter>Source Files\spatial</Filter>
    </ClCompile>
    <ClCompile Include="lyarr\dynarray.cpp">
      <Filter>Source Files\lyarr</Filter>
    </ClCompile>
    <ClCompile Include="ZJC_CommonTypes.cpp">
      <Filter>Source Files</Filter>
    </ClCompile>
    <ClCompile Include="lybyte\ZJC_FileHandling.cpp">
      <Filter>Source Files\lybyte</Filter>
    </ClCompile>
    <ClCompile Include="lyutils\ZJC_Evil.cpp">
      <Filter>Source Files\lyutils</Filter>
    </ClCompile>
    <ClCompile Include="lybyte\ZJC_BinTypes.cpp">
      <Filter>Source Files\lybyte</Filter>
    </ClCompile>
  </ItemGroup>
</Project>