<?xml version="1.0" encoding="utf-8"?>
<Project ToolsVersion="4.0" xmlns="http://schemas.microsoft.com/developer/msbuild/2003">
  <ItemGroup>
    <Filter Include="Source Files">
      <UniqueIdentifier>{4FC737F1-C7A5-4376-A066-2A32D752A2FF}</UniqueIdentifier>
      <Extensions>cpp;c;cc;cxx;def;odl;idl;hpj;bat;asm;asmx</Extensions>
    </Filter>
    <Filter Include="Header Files">
      <UniqueIdentifier>{93995380-89BD-4b04-88EB-625FBE52EBFB}</UniqueIdentifier>
      <Extensions>h;hh;hpp;hxx;hm;inl;inc;ipp;xsd</Extensions>
    </Filter>
    <Filter Include="Resource Files">
      <UniqueIdentifier>{67DA6AB6-F800-4c08-8B7A-83BB121AAD01}</UniqueIdentifier>
      <Extensions>rc;ico;cur;bmp;dlg;rc2;rct;bin;rgs;gif;jpg;jpeg;jpe;resx;tiff;tif;png;wav;mfcribbon-ms</Extensions>
    </Filter>
    <Filter Include="Header Files\wind">
      <UniqueIdentifier>{f579144d-3884-480b-896b-3cc8bb04823f}</UniqueIdentifier>
    </Filter>
    <Filter Include="Source Files\wind">
      <UniqueIdentifier>{ef6b6943-c559-47ca-9f0b-f1c93f72d464}</UniqueIdentifier>
    </Filter>
    <Filter Include="Header Files\ui">
      <UniqueIdentifier>{7c5cd6c4-d105-4e15-990c-cce10f0644b3}</UniqueIdentifier>
    </Filter>
    <Filter Include="Source Files\ui">
      <UniqueIdentifier>{668923bb-3528-4426-9219-bd5aef18678b}</UniqueIdentifier>
    </Filter>
  </ItemGroup>
  <ItemGroup>
    <ClInclude Include="Chasm.h">
      <Filter>Header Files</Filter>
    </ClInclude>
    <ClInclude Include="wind\chWIN.h">
      <Filter>Header Files\wind</Filter>
    </ClInclude>
    <ClInclude Include="wind\chMANG.h">
      <Filter>Header Files\wind</Filter>
    </ClInclude>
    <ClInclude Include="ui\ch_WidgetTools.h">
      <Filter>Header Files\ui</Filter>
    </ClInclude>
    <ClInclude Include="wind\chJOY.h">
      <Filter>Header Files\wind</Filter>
    </ClInclude>
    <ClInclude Include="wind\chRAT.h">
      <Filter>Header Files\wind</Filter>
    </ClInclude>
    <ClInclude Include="wind\chKEYB.h">
      <Filter>Header Files\wind</Filter>
    </ClInclude>
  </ItemGroup>
  <ItemGroup>
    <ClCompile Include="wind\chMANG.c">
      <Filter>Source Files\wind</Filter>
    </ClCompile>
    <ClCompile Include="wind\chWIN.c">
      <Filter>Source Files\wind</Filter>
    </ClCompile>
    <ClCompile Include="ui\ch_WidgetTools.c">
      <Filter>Source Files\ui</Filter>
    </ClCompile>
    <ClCompile Include="wind\chJOY.c">
      <Filter>Source Files\wind</Filter>
    </ClCompile>
    <ClCompile Include="wind\chRAT.c">
      <Filter>Source Files\wind</Filter>
    </ClCompile>
    <ClCompile Include="wind\chKEYB.c">
      <Filter>Source Files\wind</Filter>
    </ClCompile>
  </ItemGroup>
</Project>